// !$*UTF8*$!
{
	archiveVersion = 1;
	classes = {
	};
	objectVersion = 46;
	objects = {

/* Begin PBXBuildFile section */
		AA2437191C9AF752002C6DA9 /* main.swift in Sources */ = {isa = PBXBuildFile; fileRef = AA2437181C9AF752002C6DA9 /* main.swift */; };
		AA248B981C9B01F700EEF6A0 /* BuildCommand.swift in Sources */ = {isa = PBXBuildFile; fileRef = AA248B971C9B01F700EEF6A0 /* BuildCommand.swift */; };
		AA248B9A1C9B341600EEF6A0 /* LogProcessor.swift in Sources */ = {isa = PBXBuildFile; fileRef = AA248B991C9B341600EEF6A0 /* LogProcessor.swift */; };
		AA248B9C1C9B353300EEF6A0 /* LogEntry.swift in Sources */ = {isa = PBXBuildFile; fileRef = AA248B9B1C9B353300EEF6A0 /* LogEntry.swift */; };
		AA248B9F1C9B463200EEF6A0 /* NSURL+Time.swift in Sources */ = {isa = PBXBuildFile; fileRef = AA248B9E1C9B463200EEF6A0 /* NSURL+Time.swift */; };
/* End PBXBuildFile section */

/* Begin PBXCopyFilesBuildPhase section */
		AA24370C1C9AF735002C6DA9 /* CopyFiles */ = {
			isa = PBXCopyFilesBuildPhase;
			buildActionMask = 2147483647;
			dstPath = /usr/share/man/man1/;
			dstSubfolderSpec = 0;
			files = (
			);
			runOnlyForDeploymentPostprocessing = 1;
		};
/* End PBXCopyFilesBuildPhase section */

/* Begin PBXFileReference section */
		AA24370E1C9AF735002C6DA9 /* Chompy */ = {isa = PBXFileReference; explicitFileType = "compiled.mach-o.executable"; includeInIndex = 0; path = Chompy; sourceTree = BUILT_PRODUCTS_DIR; };
		AA2437181C9AF752002C6DA9 /* main.swift */ = {isa = PBXFileReference; fileEncoding = 4; lastKnownFileType = sourcecode.swift; name = main.swift; path = ../../../Sources/main.swift; sourceTree = "<group>"; };
		AA248B971C9B01F700EEF6A0 /* BuildCommand.swift */ = {isa = PBXFileReference; fileEncoding = 4; lastKnownFileType = sourcecode.swift; name = BuildCommand.swift; path = ../../../Sources/BuildCommand.swift; sourceTree = "<group>"; };
		AA248B991C9B341600EEF6A0 /* LogProcessor.swift */ = {isa = PBXFileReference; fileEncoding = 4; lastKnownFileType = sourcecode.swift; name = LogProcessor.swift; path = ../../../Sources/LogProcessor.swift; sourceTree = "<group>"; };
		AA248B9B1C9B353300EEF6A0 /* LogEntry.swift */ = {isa = PBXFileReference; fileEncoding = 4; lastKnownFileType = sourcecode.swift; name = LogEntry.swift; path = ../../../Sources/LogEntry.swift; sourceTree = "<group>"; };
		AA248B9E1C9B463200EEF6A0 /* NSURL+Time.swift */ = {isa = PBXFileReference; fileEncoding = 4; lastKnownFileType = sourcecode.swift; name = "NSURL+Time.swift"; path = "../../../Sources/NSURL+Time.swift"; sourceTree = "<group>"; };
/* End PBXFileReference section */

/* Begin PBXFrameworksBuildPhase section */
		AA24370B1C9AF735002C6DA9 /* Frameworks */ = {
			isa = PBXFrameworksBuildPhase;
			buildActionMask = 2147483647;
			files = (
			);
			runOnlyForDeploymentPostprocessing = 0;
		};
/* End PBXFrameworksBuildPhase section */

/* Begin PBXGroup section */
		AA2437051C9AF735002C6DA9 = {
			isa = PBXGroup;
			children = (
				AA2437101C9AF735002C6DA9 /* Chompy */,
				AA24370F1C9AF735002C6DA9 /* Products */,
			);
			sourceTree = "<group>";
		};
		AA24370F1C9AF735002C6DA9 /* Products */ = {
			isa = PBXGroup;
			children = (
				AA24370E1C9AF735002C6DA9 /* Chompy */,
			);
			name = Products;
			sourceTree = "<group>";
		};
		AA2437101C9AF735002C6DA9 /* Chompy */ = {
			isa = PBXGroup;
			children = (
				AA248B9D1C9B461C00EEF6A0 /* Extensions */,
				AA2437181C9AF752002C6DA9 /* main.swift */,
				AA248B971C9B01F700EEF6A0 /* BuildCommand.swift */,
				AA248B991C9B341600EEF6A0 /* LogProcessor.swift */,
				AA248B9B1C9B353300EEF6A0 /* LogEntry.swift */,
			);
			path = Chompy;
			sourceTree = "<group>";
		};
		AA248B9D1C9B461C00EEF6A0 /* Extensions */ = {
			isa = PBXGroup;
			children = (
				AA248B9E1C9B463200EEF6A0 /* NSURL+Time.swift */,
			);
			name = Extensions;
			sourceTree = "<group>";
		};
/* End PBXGroup section */

/* Begin PBXNativeTarget section */
		AA24370D1C9AF735002C6DA9 /* Chompy */ = {
			isa = PBXNativeTarget;
			buildConfigurationList = AA2437151C9AF735002C6DA9 /* Build configuration list for PBXNativeTarget "Chompy" */;
			buildPhases = (
				AA248B961C9AF78400EEF6A0 /* ShellScript */,
				AA24370A1C9AF735002C6DA9 /* Sources */,
				AA24370B1C9AF735002C6DA9 /* Frameworks */,
				AA24370C1C9AF735002C6DA9 /* CopyFiles */,
			);
			buildRules = (
			);
			dependencies = (
			);
			name = Chompy;
			productName = Chompy;
			productReference = AA24370E1C9AF735002C6DA9 /* Chompy */;
			productType = "com.apple.product-type.tool";
		};
/* End PBXNativeTarget section */

/* Begin PBXProject section */
		AA2437061C9AF735002C6DA9 /* Project object */ = {
			isa = PBXProject;
			attributes = {
				LastSwiftUpdateCheck = 0730;
				LastUpgradeCheck = 0730;
				ORGANIZATIONNAME = "Jasdev Singh";
				TargetAttributes = {
					AA24370D1C9AF735002C6DA9 = {
						CreatedOnToolsVersion = 7.3;
					};
				};
			};
			buildConfigurationList = AA2437091C9AF735002C6DA9 /* Build configuration list for PBXProject "Chompy" */;
			compatibilityVersion = "Xcode 3.2";
			developmentRegion = English;
			hasScannedForEncodings = 0;
			knownRegions = (
				en,
			);
			mainGroup = AA2437051C9AF735002C6DA9;
			productRefGroup = AA24370F1C9AF735002C6DA9 /* Products */;
			projectDirPath = "";
			projectRoot = "";
			targets = (
				AA24370D1C9AF735002C6DA9 /* Chompy */,
			);
		};
/* End PBXProject section */

/* Begin PBXShellScriptBuildPhase section */
		AA248B961C9AF78400EEF6A0 /* ShellScript */ = {
			isa = PBXShellScriptBuildPhase;
			buildActionMask = 2147483647;
			files = (
			);
			inputPaths = (
			);
			outputPaths = (
			);
			runOnlyForDeploymentPostprocessing = 0;
			shellPath = /bin/sh;
			shellScript = "swift build --chdir \"$SRCROOT\"";
		};
/* End PBXShellScriptBuildPhase section */

/* Begin PBXSourcesBuildPhase section */
		AA24370A1C9AF735002C6DA9 /* Sources */ = {
			isa = PBXSourcesBuildPhase;
			buildActionMask = 2147483647;
			files = (
				AA248B981C9B01F700EEF6A0 /* BuildCommand.swift in Sources */,
				AA248B9C1C9B353300EEF6A0 /* LogEntry.swift in Sources */,
				AA2437191C9AF752002C6DA9 /* main.swift in Sources */,
				AA248B9F1C9B463200EEF6A0 /* NSURL+Time.swift in Sources */,
				AA248B9A1C9B341600EEF6A0 /* LogProcessor.swift in Sources */,
			);
			runOnlyForDeploymentPostprocessing = 0;
		};
/* End PBXSourcesBuildPhase section */

/* Begin XCBuildConfiguration section */
		AA2437131C9AF735002C6DA9 /* Debug */ = {
			isa = XCBuildConfiguration;
			buildSettings = {
				ALWAYS_SEARCH_USER_PATHS = NO;
				CLANG_ANALYZER_NONNULL = YES;
				CLANG_CXX_LANGUAGE_STANDARD = "gnu++0x";
				CLANG_CXX_LIBRARY = "libc++";
				CLANG_ENABLE_MODULES = YES;
				CLANG_ENABLE_OBJC_ARC = YES;
				CLANG_WARN_BOOL_CONVERSION = YES;
				CLANG_WARN_CONSTANT_CONVERSION = YES;
				CLANG_WARN_DIRECT_OBJC_ISA_USAGE = YES_ERROR;
				CLANG_WARN_EMPTY_BODY = YES;
				CLANG_WARN_ENUM_CONVERSION = YES;
				CLANG_WARN_INT_CONVERSION = YES;
				CLANG_WARN_OBJC_ROOT_CLASS = YES_ERROR;
				CLANG_WARN_UNREACHABLE_CODE = YES;
				CLANG_WARN__DUPLICATE_METHOD_MATCH = YES;
				CODE_SIGN_IDENTITY = "-";
				COPY_PHASE_STRIP = NO;
				DEBUG_INFORMATION_FORMAT = dwarf;
				ENABLE_STRICT_OBJC_MSGSEND = YES;
				ENABLE_TESTABILITY = YES;
				GCC_C_LANGUAGE_STANDARD = gnu99;
				GCC_DYNAMIC_NO_PIC = NO;
				GCC_NO_COMMON_BLOCKS = YES;
				GCC_OPTIMIZATION_LEVEL = 0;
				GCC_PREPROCESSOR_DEFINITIONS = (
					"DEBUG=1",
					"$(inherited)",
				);
				GCC_WARN_64_TO_32_BIT_CONVERSION = YES;
				GCC_WARN_ABOUT_RETURN_TYPE = YES_ERROR;
				GCC_WARN_UNDECLARED_SELECTOR = YES;
				GCC_WARN_UNINITIALIZED_AUTOS = YES_AGGRESSIVE;
				GCC_WARN_UNUSED_FUNCTION = YES;
				GCC_WARN_UNUSED_VARIABLE = YES;
				MACOSX_DEPLOYMENT_TARGET = 10.11;
				MTL_ENABLE_DEBUG_INFO = YES;
				ONLY_ACTIVE_ARCH = YES;
				SDKROOT = macosx;
				SWIFT_OPTIMIZATION_LEVEL = "-Onone";
			};
			name = Debug;
		};
		AA2437141C9AF735002C6DA9 /* Release */ = {
			isa = XCBuildConfiguration;
			buildSettings = {
				ALWAYS_SEARCH_USER_PATHS = NO;
				CLANG_ANALYZER_NONNULL = YES;
				CLANG_CXX_LANGUAGE_STANDARD = "gnu++0x";
				CLANG_CXX_LIBRARY = "libc++";
				CLANG_ENABLE_MODULES = YES;
				CLANG_ENABLE_OBJC_ARC = YES;
				CLANG_WARN_BOOL_CONVERSION = YES;
				CLANG_WARN_CONSTANT_CONVERSION = YES;
				CLANG_WARN_DIRECT_OBJC_ISA_USAGE = YES_ERROR;
				CLANG_WARN_EMPTY_BODY = YES;
				CLANG_WARN_ENUM_CONVERSION = YES;
				CLANG_WARN_INT_CONVERSION = YES;
				CLANG_WARN_OBJC_ROOT_CLASS = YES_ERROR;
				CLANG_WARN_UNREACHABLE_CODE = YES;
				CLANG_WARN__DUPLICATE_METHOD_MATCH = YES;
				CODE_SIGN_IDENTITY = "-";
				COPY_PHASE_STRIP = NO;
				DEBUG_INFORMATION_FORMAT = "dwarf-with-dsym";
				ENABLE_NS_ASSERTIONS = NO;
				ENABLE_STRICT_OBJC_MSGSEND = YES;
				GCC_C_LANGUAGE_STANDARD = gnu99;
				GCC_NO_COMMON_BLOCKS = YES;
				GCC_WARN_64_TO_32_BIT_CONVERSION = YES;
				GCC_WARN_ABOUT_RETURN_TYPE = YES_ERROR;
				GCC_WARN_UNDECLARED_SELECTOR = YES;
				GCC_WARN_UNINITIALIZED_AUTOS = YES_AGGRESSIVE;
				GCC_WARN_UNUSED_FUNCTION = YES;
				GCC_WARN_UNUSED_VARIABLE = YES;
				MACOSX_DEPLOYMENT_TARGET = 10.11;
				MTL_ENABLE_DEBUG_INFO = NO;
				SDKROOT = macosx;
			};
			name = Release;
		};
		AA2437161C9AF735002C6DA9 /* Debug */ = {
			isa = XCBuildConfiguration;
			buildSettings = {
				CLANG_ENABLE_MODULES = YES;
				LD_RUNPATH_SEARCH_PATHS = "$(inherited) @executable_path/../Frameworks @loader_path/../Frameworks";
				PRODUCT_NAME = "$(TARGET_NAME)";
				SWIFT_INCLUDE_PATHS = "$(SRCROOT)/../.build/debug/";
				SWIFT_OPTIMIZATION_LEVEL = "-Onone";
			};
			name = Debug;
		};
		AA2437171C9AF735002C6DA9 /* Release */ = {
			isa = XCBuildConfiguration;
			buildSettings = {
				CLANG_ENABLE_MODULES = YES;
				LD_RUNPATH_SEARCH_PATHS = "$(inherited) @executable_path/../Frameworks @loader_path/../Frameworks";
				PRODUCT_NAME = "$(TARGET_NAME)";
				SWIFT_INCLUDE_PATHS = "$(SRCROOT)/../.build/debug/";
			};
			name = Release;
		};
/* End XCBuildConfiguration section */

/* Begin XCConfigurationList section */
		AA2437091C9AF735002C6DA9 /* Build configuration list for PBXProject "Chompy" */ = {
			isa = XCConfigurationList;
			buildConfigurations = (
				AA2437131C9AF735002C6DA9 /* Debug */,
				AA2437141C9AF735002C6DA9 /* Release */,
			);
			defaultConfigurationIsVisible = 0;
			defaultConfigurationName = Release;
		};
		AA2437151C9AF735002C6DA9 /* Build configuration list for PBXNativeTarget "Chompy" */ = {
			isa = XCConfigurationList;
			buildConfigurations = (
				AA2437161C9AF735002C6DA9 /* Debug */,
				AA2437171C9AF735002C6DA9 /* Release */,
			);
			defaultConfigurationIsVisible = 0;
			defaultConfigurationName = Release;
		};
/* End XCConfigurationList section */
	};
	rootObject = AA2437061C9AF735002C6DA9 /* Project object */;
}
